symfony v2.0.17
twig v1.9.2
monolog 1.0.2
doctrine-common 2.1.4
doctrine-dbal 2.1.7
doctrine 2.1.7
swiftmailer v4.2.1
assetic v1.0.3
twig-extensions dcdff02fbac1282e6b8f4d0558cc7e9580105688
metadata 1.0.0
SensioFrameworkExtraBundle v2.0.17
JMSSecurityExtraBundle e752f888c51425f71382c056961f10f2be642102
SensioDistributionBundle v2.0.17
SensioGeneratorBundle v2.0.17
AsseticBundle 6f15728c1aefa5246caa83730e3dbf70b0d46052
FOSUserBundle v1.2.4
KnpMenu 5b7d34e58c2d51b30005b69eeded9fb658fe8abf
KnpMenuBundle 4389efdd5c30d974544afbfe5ada3a4ce30d7aa1
knp-components 99ea408dc2a7c3616e688ffe67e3248ece69ff0e
KnpPaginatorBundle de439d2816fe984dbe0c438fd4d0d7c67748c5ff
KDBParametersBundle caf61c1720d044c7119f1960a07b741fabfca3c5
TinymceBundle c983ec823f31fca6821107c81b0f2abab4cd0ffa